
Microsoft Visual Studio Solution File, Format Version 12.00
# Visual Studio Version 16
VisualStudioVersion = 16.0.32228.343
MinimumVisualStudioVersion = 10.0.40219.1
Project("{2150E333-8FDC-42A3-9474-1A3956D46DE8}") = "Chapter02", "Chapter02", "{38C5BCD9-2D6A-4998-96C4-DC1FF435FE15}"
EndProject
Project("{FAE04EC0-301F-11D3-BF4B-00C04F79EFBC}") = "DistanceConverter", "Chapter02\DistanceConverter\DistanceConverter.csproj", "{69535855-6A31-4080-AEC9-A91084951D5A}"
EndProject
Project("{FAE04EC0-301F-11D3-BF4B-00C04F79EFBC}") = "SalesCalculator", "Chapter02\SalesCalculator\SalesCalculator.csproj", "{11333CFE-AD6C-4FB4-AAFF-FEB94EDD6EAD}"
EndProject
Project("{FAE04EC0-301F-11D3-BF4B-00C04F79EFBC}") = "Exercise", "Chapter02\Exercise\Exercise.csproj", "{2F1DF3DE-9484-4B42-ACD8-7B0A8ADB69A9}"
EndProject
Project("{FAE04EC0-301F-11D3-BF4B-00C04F79EFBC}") = "Execise02", "Chapter02\Execise02\Execise02.csproj", "{10DC660A-2CB7-452C-85DE-7760BEA8A429}"
EndProject
Project("{FAE04EC0-301F-11D3-BF4B-00C04F79EFBC}") = "Execise03", "Chapter02\Execise03\Execise03.csproj", "{620635C6-843D-4D85-A6B5-D18E53745E3B}"
EndProject
Project("{2150E333-8FDC-42A3-9474-1A3956D46DE8}") = "Chapter03", "Chapter03", "{21901C82-1E25-479B-BE3E-254DC1D8A68E}"
EndProject
Project("{FAE04EC0-301F-11D3-BF4B-00C04F79EFBC}") = "Section01", "Chapter03\Section01\Section01.csproj", "{0EB9A38C-0F0C-4F7F-98E1-F06587B03DB9}"
EndProject
Global
	GlobalSection(SolutionConfigurationPlatforms) = preSolution
		Debug|Any CPU = Debug|Any CPU
		Release|Any CPU = Release|Any CPU
	EndGlobalSection
	GlobalSection(ProjectConfigurationPlatforms) = postSolution
		{69535855-6A31-4080-AEC9-A91084951D5A}.Debug|Any CPU.ActiveCfg = Debug|Any CPU
		{69535855-6A31-4080-AEC9-A91084951D5A}.Debug|Any CPU.Build.0 = Debug|Any CPU
		{69535855-6A31-4080-AEC9-A91084951D5A}.Release|Any CPU.ActiveCfg = Release|Any CPU
		{69535855-6A31-4080-AEC9-A91084951D5A}.Release|Any CPU.Build.0 = Release|Any CPU
		{11333CFE-AD6C-4FB4-AAFF-FEB94EDD6EAD}.Debug|Any CPU.ActiveCfg = Debug|Any CPU
		{11333CFE-AD6C-4FB4-AAFF-FEB94EDD6EAD}.Debug|Any CPU.Build.0 = Debug|Any CPU
		{11333CFE-AD6C-4FB4-AAFF-FEB94EDD6EAD}.Release|Any CPU.ActiveCfg = Release|Any CPU
		{11333CFE-AD6C-4FB4-AAFF-FEB94EDD6EAD}.Release|Any CPU.Build.0 = Release|Any CPU
		{2F1DF3DE-9484-4B42-ACD8-7B0A8ADB69A9}.Debug|Any CPU.ActiveCfg = Debug|Any CPU
		{2F1DF3DE-9484-4B42-ACD8-7B0A8ADB69A9}.Debug|Any CPU.Build.0 = Debug|Any CPU
		{2F1DF3DE-9484-4B42-ACD8-7B0A8ADB69A9}.Release|Any CPU.ActiveCfg = Release|Any CPU
		{2F1DF3DE-9484-4B42-ACD8-7B0A8ADB69A9}.Release|Any CPU.Build.0 = Release|Any CPU
		{10DC660A-2CB7-452C-85DE-7760BEA8A429}.Debug|Any CPU.ActiveCfg = Debug|Any CPU
		{10DC660A-2CB7-452C-85DE-7760BEA8A429}.Debug|Any CPU.Build.0 = Debug|Any CPU
		{10DC660A-2CB7-452C-85DE-7760BEA8A429}.Release|Any CPU.ActiveCfg = Release|Any CPU
		{10DC660A-2CB7-452C-85DE-7760BEA8A429}.Release|Any CPU.Build.0 = Release|Any CPU
		{620635C6-843D-4D85-A6B5-D18E53745E3B}.Debug|Any CPU.ActiveCfg = Debug|Any CPU
		{620635C6-843D-4D85-A6B5-D18E53745E3B}.Debug|Any CPU.Build.0 = Debug|Any CPU
		{620635C6-843D-4D85-A6B5-D18E53745E3B}.Release|Any CPU.ActiveCfg = Release|Any CPU
		{620635C6-843D-4D85-A6B5-D18E53745E3B}.Release|Any CPU.Build.0 = Release|Any CPU
		{0EB9A38C-0F0C-4F7F-98E1-F06587B03DB9}.Debug|Any CPU.ActiveCfg = Debug|Any CPU
		{0EB9A38C-0F0C-4F7F-98E1-F06587B03DB9}.Debug|Any CPU.Build.0 = Debug|Any CPU
		{0EB9A38C-0F0C-4F7F-98E1-F06587B03DB9}.Release|Any CPU.ActiveCfg = Release|Any CPU
		{0EB9A38C-0F0C-4F7F-98E1-F06587B03DB9}.Release|Any CPU.Build.0 = Release|Any CPU
	EndGlobalSection
	GlobalSection(SolutionProperties) = preSolution
		HideSolutionNode = FALSE
	EndGlobalSection
	GlobalSection(NestedProjects) = preSolution
		{69535855-6A31-4080-AEC9-A91084951D5A} = {38C5BCD9-2D6A-4998-96C4-DC1FF435FE15}
		{11333CFE-AD6C-4FB4-AAFF-FEB94EDD6EAD} = {38C5BCD9-2D6A-4998-96C4-DC1FF435FE15}
		{2F1DF3DE-9484-4B42-ACD8-7B0A8ADB69A9} = {38C5BCD9-2D6A-4998-96C4-DC1FF435FE15}
		{10DC660A-2CB7-452C-85DE-7760BEA8A429} = {38C5BCD9-2D6A-4998-96C4-DC1FF435FE15}
		{620635C6-843D-4D85-A6B5-D18E53745E3B} = {38C5BCD9-2D6A-4998-96C4-DC1FF435FE15}
		{0EB9A38C-0F0C-4F7F-98E1-F06587B03DB9} = {21901C82-1E25-479B-BE3E-254DC1D8A68E}
	EndGlobalSection
	GlobalSection(ExtensibilityGlobals) = postSolution
		SolutionGuid = {3BC0B94E-ACC7-4211-BE02-B16227537320}
	EndGlobalSection
EndGlobal
