
Microsoft Visual Studio Solution File, Format Version 12.00
# Visual Studio Version 16
VisualStudioVersion = 16.0.32228.343
MinimumVisualStudioVersion = 10.0.40219.1
Project("{2150E333-8FDC-42A3-9474-1A3956D46DE8}") = "Chapter02", "Chapter02", "{38C5BCD9-2D6A-4998-96C4-DC1FF435FE15}"
EndProject
Project("{FAE04EC0-301F-11D3-BF4B-00C04F79EFBC}") = "DistanceConverter", "Chapter02\DistanceConverter\DistanceConverter.csproj", "{69535855-6A31-4080-AEC9-A91084951D5A}"
EndProject
Global
	GlobalSection(SolutionConfigurationPlatforms) = preSolution
		Debug|Any CPU = Debug|Any CPU
		Release|Any CPU = Release|Any CPU
	EndGlobalSection
	GlobalSection(ProjectConfigurationPlatforms) = postSolution
		{69535855-6A31-4080-AEC9-A91084951D5A}.Debug|Any CPU.ActiveCfg = Debug|Any CPU
		{69535855-6A31-4080-AEC9-A91084951D5A}.Debug|Any CPU.Build.0 = Debug|Any CPU
		{69535855-6A31-4080-AEC9-A91084951D5A}.Release|Any CPU.ActiveCfg = Release|Any CPU
		{69535855-6A31-4080-AEC9-A91084951D5A}.Release|Any CPU.Build.0 = Release|Any CPU
	EndGlobalSection
	GlobalSection(SolutionProperties) = preSolution
		HideSolutionNode = FALSE
	EndGlobalSection
	GlobalSection(NestedProjects) = preSolution
		{69535855-6A31-4080-AEC9-A91084951D5A} = {38C5BCD9-2D6A-4998-96C4-DC1FF435FE15}
	EndGlobalSection
	GlobalSection(ExtensibilityGlobals) = postSolution
		SolutionGuid = {3BC0B94E-ACC7-4211-BE02-B16227537320}
	EndGlobalSection
EndGlobal
