
Microsoft Visual Studio Solution File, Format Version 12.00
# Visual Studio Version 16
VisualStudioVersion = 16.0.32228.343
MinimumVisualStudioVersion = 10.0.40219.1
Project("{2150E333-8FDC-42A3-9474-1A3956D46DE8}") = "Chapter02", "Chapter02", "{38C5BCD9-2D6A-4998-96C4-DC1FF435FE15}"
EndProject
Project("{FAE04EC0-301F-11D3-BF4B-00C04F79EFBC}") = "DistanceConverter", "Chapter02\DistanceConverter\DistanceConverter.csproj", "{69535855-6A31-4080-AEC9-A91084951D5A}"
EndProject
Project("{FAE04EC0-301F-11D3-BF4B-00C04F79EFBC}") = "SalesCalculator", "Chapter02\SalesCalculator\SalesCalculator.csproj", "{11333CFE-AD6C-4FB4-AAFF-FEB94EDD6EAD}"
EndProject
Project("{FAE04EC0-301F-11D3-BF4B-00C04F79EFBC}") = "Exercise", "Chapter02\Exercise\Exercise.csproj", "{2F1DF3DE-9484-4B42-ACD8-7B0A8ADB69A9}"
EndProject
Project("{FAE04EC0-301F-11D3-BF4B-00C04F79EFBC}") = "Execise02", "Chapter02\Execise02\Execise02.csproj", "{10DC660A-2CB7-452C-85DE-7760BEA8A429}"
EndProject
Project("{FAE04EC0-301F-11D3-BF4B-00C04F79EFBC}") = "Execise03", "Chapter02\Execise03\Execise03.csproj", "{620635C6-843D-4D85-A6B5-D18E53745E3B}"
EndProject
Project("{2150E333-8FDC-42A3-9474-1A3956D46DE8}") = "Chapter03", "Chapter03", "{21901C82-1E25-479B-BE3E-254DC1D8A68E}"
EndProject
Project("{FAE04EC0-301F-11D3-BF4B-00C04F79EFBC}") = "Section01", "Chapter03\Section01\Section01.csproj", "{0EB9A38C-0F0C-4F7F-98E1-F06587B03DB9}"
EndProject
Project("{FAE04EC0-301F-11D3-BF4B-00C04F79EFBC}") = "Exercise01", "Chapter03\Exercise01\Exercise01.csproj", "{0B69FC18-D229-4BA8-AC04-76840B407202}"
EndProject
Project("{FAE04EC0-301F-11D3-BF4B-00C04F79EFBC}") = "Exercise02", "Chapter03\Exercise02\Exercise02.csproj", "{02137661-29BB-41F6-A343-F408234246E1}"
EndProject
Project("{2150E333-8FDC-42A3-9474-1A3956D46DE8}") = "Chapter04", "Chapter04", "{2C4D6CBA-EECF-470E-8A5B-1AD39D02A872}"
EndProject
Project("{FAE04EC0-301F-11D3-BF4B-00C04F79EFBC}") = "Exercise01", "Chapter04\Exercise01\Exercise01.csproj", "{031D8551-D60B-4FE7-852F-4F39D567D5FA}"
EndProject
Project("{FAE04EC0-301F-11D3-BF4B-00C04F79EFBC}") = "Exercise02", "Chapter04\Exercise02\Exercise02.csproj", "{B5B1BB9D-85C9-4EB0-B59D-3B78E46B4BD7}"
EndProject
Project("{2150E333-8FDC-42A3-9474-1A3956D46DE8}") = "Chapter05", "Chapter05", "{887CF880-2BBE-4CC1-8736-E88756F2F641}"
EndProject
Project("{FAE04EC0-301F-11D3-BF4B-00C04F79EFBC}") = "Exercise01", "Chapter05\Exercise01\Exercise01.csproj", "{AD225AAD-5139-400C-9C46-67CCB87E3473}"
EndProject
Project("{FAE04EC0-301F-11D3-BF4B-00C04F79EFBC}") = "Exercise02", "Chapter05\Exercise02\Exercise02.csproj", "{090910DB-EE64-466E-9903-206D8A85625F}"
EndProject
Project("{FAE04EC0-301F-11D3-BF4B-00C04F79EFBC}") = "Exercise03", "Chapter05\Exercise03\Exercise03.csproj", "{3EEA945C-21C5-499D-AD38-877D1C250698}"
EndProject
Project("{FAE04EC0-301F-11D3-BF4B-00C04F79EFBC}") = "Exercise04", "Chapter05\Exercise04\Exercise04.csproj", "{0B86662A-2200-40E8-A3BE-BB6D11DE613D}"
EndProject
Project("{2150E333-8FDC-42A3-9474-1A3956D46DE8}") = "Chapter06", "Chapter06", "{D0DBA7D7-DF27-41FB-BA69-C5C0D2E4B1AB}"
EndProject
Project("{FAE04EC0-301F-11D3-BF4B-00C04F79EFBC}") = "Exercise01", "Chapter06\Exercise01\Exercise01.csproj", "{27135195-009C-46CC-9349-3F22203ABA08}"
EndProject
Project("{FAE04EC0-301F-11D3-BF4B-00C04F79EFBC}") = "Exercise02", "Chapter06\Exercise02\Exercise02.csproj", "{6B563A04-DF3D-419F-89FF-C276C6A5C9CB}"
EndProject
Project("{2150E333-8FDC-42A3-9474-1A3956D46DE8}") = "FormAppSample", "FormAppSample", "{A5385BD8-FF52-4A65-AD31-32556DF2A6AB}"
EndProject
Project("{FAE04EC0-301F-11D3-BF4B-00C04F79EFBC}") = "Sample0603", "FormAppSample\Sample0603\Sample0603.csproj", "{C627FFE3-68DB-469A-B9B3-A07F7129A8E0}"
EndProject
Project("{FAE04EC0-301F-11D3-BF4B-00C04F79EFBC}") = "Sample0607", "FormAppSample\Sample0607\Sample0607.csproj", "{87FB80B2-48AD-4B81-AF4F-CFBE4802E003}"
EndProject
Project("{FAE04EC0-301F-11D3-BF4B-00C04F79EFBC}") = "AddressBook", "FormAppSample\AddressBook\AddressBook.csproj", "{DB0FB6FA-9195-49BD-A1E2-C36EBE17A359}"
EndProject
Project("{2150E333-8FDC-42A3-9474-1A3956D46DE8}") = "Test202206", "Test202206", "{76C07249-DFB2-420D-AACE-4AACBEAC4D7A}"
EndProject
Project("{FAE04EC0-301F-11D3-BF4B-00C04F79EFBC}") = "Test01", "Test202206\TestProject\Test01\Test01.csproj", "{2BFACDC3-F44D-4199-8498-F5C3C4AC0335}"
EndProject
Project("{FAE04EC0-301F-11D3-BF4B-00C04F79EFBC}") = "Test02", "Test202206\TestProject\Test02\Test02.csproj", "{E461C0A8-8900-485C-B520-E929BA33F712}"
EndProject
Project("{2150E333-8FDC-42A3-9474-1A3956D46DE8}") = "Chapter11", "Chapter11", "{105E63EA-1153-4D91-B82B-FBA552EE3DE1}"
EndProject
Project("{FAE04EC0-301F-11D3-BF4B-00C04F79EFBC}") = "XmlSample", "..\XmlSample\XmlSample.csproj", "{074507D6-0601-4336-8583-F29E52C3DE84}"
EndProject
Project("{FAE04EC0-301F-11D3-BF4B-00C04F79EFBC}") = "RssReader", "Chapter11\RssReader\RssReader.csproj", "{DED4AD5A-0666-4CBC-A562-CC971822CB01}"
EndProject
Project("{FAE04EC0-301F-11D3-BF4B-00C04F79EFBC}") = "Exercise1", "Chapter11\Exercise1\Exercise1.csproj", "{AF80CFD0-7126-4594-B6E4-DC524F233E36}"
EndProject
Project("{2150E333-8FDC-42A3-9474-1A3956D46DE8}") = "Chapter12", "Chapter12", "{C2A2F84F-EDAD-4078-ADAC-D096F5ADF42A}"
EndProject
Project("{FAE04EC0-301F-11D3-BF4B-00C04F79EFBC}") = "Section01", "Chapter12\Section01\Section01.csproj", "{649C5391-69BC-4F56-9EEB-00E3BFF30D27}"
EndProject
Project("{FAE04EC0-301F-11D3-BF4B-00C04F79EFBC}") = "Section02", "Chapter12\Section02\Section02.csproj", "{6AFB01A0-18CE-4DA9-8B75-4E5085A131B9}"
EndProject
Project("{FAE04EC0-301F-11D3-BF4B-00C04F79EFBC}") = "Exercise01", "Chapter12\Exercise01\Exercise01.csproj", "{4B0D4C53-216D-4D54-91A4-3A808FAD7823}"
EndProject
Project("{FAE04EC0-301F-11D3-BF4B-00C04F79EFBC}") = "Exercise02", "Chapter12\Exercise02\Exercise02.csproj", "{C7155586-5086-4275-952A-A62CB1B94626}"
EndProject
Project("{2150E333-8FDC-42A3-9474-1A3956D46DE8}") = "CarReportSystem", "CarReportSystem", "{0887F928-4E68-40D3-9CE0-D37E9A7FDA7E}"
EndProject
Project("{FAE04EC0-301F-11D3-BF4B-00C04F79EFBC}") = "CarReportSystem", "CarReportSysytem\CarReportSystem\CarReportSystem.csproj", "{E45FC350-3F09-4D85-BAD1-81730303662E}"
EndProject
Project("{2150E333-8FDC-42A3-9474-1A3956D46DE8}") = "DesignPattern", "DesignPattern", "{2D5D0E7B-84FA-47DC-90DE-EEE0B6164D02}"
EndProject
Project("{FAE04EC0-301F-11D3-BF4B-00C04F79EFBC}") = "SingletonSample", "DesignPattern\SingletonSample\SingletonSample.csproj", "{889DB3BC-ECDE-4DBD-A615-D19684922B17}"
EndProject
Project("{2150E333-8FDC-42A3-9474-1A3956D46DE8}") = "Chapter17", "Chapter17", "{2B74D21A-E47E-419A-8295-CF8A6239808B}"
EndProject
Project("{FAE04EC0-301F-11D3-BF4B-00C04F79EFBC}") = "Exercise1", "Chapter17\Exercise1\Exercise1\Exercise1.csproj", "{0B7F2381-29AD-4229-B2AA-FC47711D5201}"
EndProject
Project("{FAE04EC0-301F-11D3-BF4B-00C04F79EFBC}") = "Section01", "Chapter17\Section01\Section01.csproj", "{35FC0FFD-5B37-4CE3-95EF-BF256A019D75}"
EndProject
Project("{FAE04EC0-301F-11D3-BF4B-00C04F79EFBC}") = "LineCounter", "Chapter17\TemplateMethod\LineCounter\LineCounter.csproj", "{70A8FA74-1190-4805-BEAB-884EC156788E}"
EndProject
Project("{FAE04EC0-301F-11D3-BF4B-00C04F79EFBC}") = "TextFileProcessor", "Chapter17\TemplateMethod\TextFileProcessor\TextFileProcessor.csproj", "{2F487FD2-F3A6-43EC-9366-92CC9542F566}"
EndProject
Project("{2150E333-8FDC-42A3-9474-1A3956D46DE8}") = "Strategy", "Strategy", "{8C3256E1-A496-4719-A36D-BFC0C2437BA3}"
EndProject
Project("{FAE04EC0-301F-11D3-BF4B-00C04F79EFBC}") = "DistanceConverter", "Chapter17\Strategy\DistanceConverter\DistanceConverter.csproj", "{93CCAD5C-F0F9-4A81-967A-967993DA81C4}"
EndProject
Project("{2150E333-8FDC-42A3-9474-1A3956D46DE8}") = "ADONET", "ADONET", "{3F4C0CC5-CEA3-4D0A-AA6F-22F15977FFB9}"
EndProject
Project("{FAE04EC0-301F-11D3-BF4B-00C04F79EFBC}") = "DataBaseSample", "ADONET\DataBaseSample\DataBaseSample.csproj", "{F45C9932-5A93-4C5D-BBF8-B79235D87701}"
EndProject
Project("{FAE04EC0-301F-11D3-BF4B-00C04F79EFBC}") = "AddressBook", "ADONET\AddressBook\AddressBook.csproj", "{AC162ADB-8237-4D29-8F9C-98AFABB37E1A}"
EndProject
Global
	GlobalSection(SolutionConfigurationPlatforms) = preSolution
		Debug|Any CPU = Debug|Any CPU
		Release|Any CPU = Release|Any CPU
	EndGlobalSection
	GlobalSection(ProjectConfigurationPlatforms) = postSolution
		{69535855-6A31-4080-AEC9-A91084951D5A}.Debug|Any CPU.ActiveCfg = Debug|Any CPU
		{69535855-6A31-4080-AEC9-A91084951D5A}.Debug|Any CPU.Build.0 = Debug|Any CPU
		{69535855-6A31-4080-AEC9-A91084951D5A}.Release|Any CPU.ActiveCfg = Release|Any CPU
		{69535855-6A31-4080-AEC9-A91084951D5A}.Release|Any CPU.Build.0 = Release|Any CPU
		{11333CFE-AD6C-4FB4-AAFF-FEB94EDD6EAD}.Debug|Any CPU.ActiveCfg = Debug|Any CPU
		{11333CFE-AD6C-4FB4-AAFF-FEB94EDD6EAD}.Debug|Any CPU.Build.0 = Debug|Any CPU
		{11333CFE-AD6C-4FB4-AAFF-FEB94EDD6EAD}.Release|Any CPU.ActiveCfg = Release|Any CPU
		{11333CFE-AD6C-4FB4-AAFF-FEB94EDD6EAD}.Release|Any CPU.Build.0 = Release|Any CPU
		{2F1DF3DE-9484-4B42-ACD8-7B0A8ADB69A9}.Debug|Any CPU.ActiveCfg = Debug|Any CPU
		{2F1DF3DE-9484-4B42-ACD8-7B0A8ADB69A9}.Debug|Any CPU.Build.0 = Debug|Any CPU
		{2F1DF3DE-9484-4B42-ACD8-7B0A8ADB69A9}.Release|Any CPU.ActiveCfg = Release|Any CPU
		{2F1DF3DE-9484-4B42-ACD8-7B0A8ADB69A9}.Release|Any CPU.Build.0 = Release|Any CPU
		{10DC660A-2CB7-452C-85DE-7760BEA8A429}.Debug|Any CPU.ActiveCfg = Debug|Any CPU
		{10DC660A-2CB7-452C-85DE-7760BEA8A429}.Debug|Any CPU.Build.0 = Debug|Any CPU
		{10DC660A-2CB7-452C-85DE-7760BEA8A429}.Release|Any CPU.ActiveCfg = Release|Any CPU
		{10DC660A-2CB7-452C-85DE-7760BEA8A429}.Release|Any CPU.Build.0 = Release|Any CPU
		{620635C6-843D-4D85-A6B5-D18E53745E3B}.Debug|Any CPU.ActiveCfg = Debug|Any CPU
		{620635C6-843D-4D85-A6B5-D18E53745E3B}.Debug|Any CPU.Build.0 = Debug|Any CPU
		{620635C6-843D-4D85-A6B5-D18E53745E3B}.Release|Any CPU.ActiveCfg = Release|Any CPU
		{620635C6-843D-4D85-A6B5-D18E53745E3B}.Release|Any CPU.Build.0 = Release|Any CPU
		{0EB9A38C-0F0C-4F7F-98E1-F06587B03DB9}.Debug|Any CPU.ActiveCfg = Debug|Any CPU
		{0EB9A38C-0F0C-4F7F-98E1-F06587B03DB9}.Debug|Any CPU.Build.0 = Debug|Any CPU
		{0EB9A38C-0F0C-4F7F-98E1-F06587B03DB9}.Release|Any CPU.ActiveCfg = Release|Any CPU
		{0EB9A38C-0F0C-4F7F-98E1-F06587B03DB9}.Release|Any CPU.Build.0 = Release|Any CPU
		{0B69FC18-D229-4BA8-AC04-76840B407202}.Debug|Any CPU.ActiveCfg = Debug|Any CPU
		{0B69FC18-D229-4BA8-AC04-76840B407202}.Debug|Any CPU.Build.0 = Debug|Any CPU
		{0B69FC18-D229-4BA8-AC04-76840B407202}.Release|Any CPU.ActiveCfg = Release|Any CPU
		{0B69FC18-D229-4BA8-AC04-76840B407202}.Release|Any CPU.Build.0 = Release|Any CPU
		{02137661-29BB-41F6-A343-F408234246E1}.Debug|Any CPU.ActiveCfg = Debug|Any CPU
		{02137661-29BB-41F6-A343-F408234246E1}.Debug|Any CPU.Build.0 = Debug|Any CPU
		{02137661-29BB-41F6-A343-F408234246E1}.Release|Any CPU.ActiveCfg = Release|Any CPU
		{02137661-29BB-41F6-A343-F408234246E1}.Release|Any CPU.Build.0 = Release|Any CPU
		{031D8551-D60B-4FE7-852F-4F39D567D5FA}.Debug|Any CPU.ActiveCfg = Debug|Any CPU
		{031D8551-D60B-4FE7-852F-4F39D567D5FA}.Debug|Any CPU.Build.0 = Debug|Any CPU
		{031D8551-D60B-4FE7-852F-4F39D567D5FA}.Release|Any CPU.ActiveCfg = Release|Any CPU
		{031D8551-D60B-4FE7-852F-4F39D567D5FA}.Release|Any CPU.Build.0 = Release|Any CPU
		{B5B1BB9D-85C9-4EB0-B59D-3B78E46B4BD7}.Debug|Any CPU.ActiveCfg = Debug|Any CPU
		{B5B1BB9D-85C9-4EB0-B59D-3B78E46B4BD7}.Debug|Any CPU.Build.0 = Debug|Any CPU
		{B5B1BB9D-85C9-4EB0-B59D-3B78E46B4BD7}.Release|Any CPU.ActiveCfg = Release|Any CPU
		{B5B1BB9D-85C9-4EB0-B59D-3B78E46B4BD7}.Release|Any CPU.Build.0 = Release|Any CPU
		{AD225AAD-5139-400C-9C46-67CCB87E3473}.Debug|Any CPU.ActiveCfg = Debug|Any CPU
		{AD225AAD-5139-400C-9C46-67CCB87E3473}.Debug|Any CPU.Build.0 = Debug|Any CPU
		{AD225AAD-5139-400C-9C46-67CCB87E3473}.Release|Any CPU.ActiveCfg = Release|Any CPU
		{AD225AAD-5139-400C-9C46-67CCB87E3473}.Release|Any CPU.Build.0 = Release|Any CPU
		{090910DB-EE64-466E-9903-206D8A85625F}.Debug|Any CPU.ActiveCfg = Debug|Any CPU
		{090910DB-EE64-466E-9903-206D8A85625F}.Debug|Any CPU.Build.0 = Debug|Any CPU
		{090910DB-EE64-466E-9903-206D8A85625F}.Release|Any CPU.ActiveCfg = Release|Any CPU
		{090910DB-EE64-466E-9903-206D8A85625F}.Release|Any CPU.Build.0 = Release|Any CPU
		{3EEA945C-21C5-499D-AD38-877D1C250698}.Debug|Any CPU.ActiveCfg = Debug|Any CPU
		{3EEA945C-21C5-499D-AD38-877D1C250698}.Debug|Any CPU.Build.0 = Debug|Any CPU
		{3EEA945C-21C5-499D-AD38-877D1C250698}.Release|Any CPU.ActiveCfg = Release|Any CPU
		{3EEA945C-21C5-499D-AD38-877D1C250698}.Release|Any CPU.Build.0 = Release|Any CPU
		{0B86662A-2200-40E8-A3BE-BB6D11DE613D}.Debug|Any CPU.ActiveCfg = Debug|Any CPU
		{0B86662A-2200-40E8-A3BE-BB6D11DE613D}.Debug|Any CPU.Build.0 = Debug|Any CPU
		{0B86662A-2200-40E8-A3BE-BB6D11DE613D}.Release|Any CPU.ActiveCfg = Release|Any CPU
		{0B86662A-2200-40E8-A3BE-BB6D11DE613D}.Release|Any CPU.Build.0 = Release|Any CPU
		{27135195-009C-46CC-9349-3F22203ABA08}.Debug|Any CPU.ActiveCfg = Debug|Any CPU
		{27135195-009C-46CC-9349-3F22203ABA08}.Debug|Any CPU.Build.0 = Debug|Any CPU
		{27135195-009C-46CC-9349-3F22203ABA08}.Release|Any CPU.ActiveCfg = Release|Any CPU
		{27135195-009C-46CC-9349-3F22203ABA08}.Release|Any CPU.Build.0 = Release|Any CPU
		{6B563A04-DF3D-419F-89FF-C276C6A5C9CB}.Debug|Any CPU.ActiveCfg = Debug|Any CPU
		{6B563A04-DF3D-419F-89FF-C276C6A5C9CB}.Debug|Any CPU.Build.0 = Debug|Any CPU
		{6B563A04-DF3D-419F-89FF-C276C6A5C9CB}.Release|Any CPU.ActiveCfg = Release|Any CPU
		{6B563A04-DF3D-419F-89FF-C276C6A5C9CB}.Release|Any CPU.Build.0 = Release|Any CPU
		{C627FFE3-68DB-469A-B9B3-A07F7129A8E0}.Debug|Any CPU.ActiveCfg = Debug|Any CPU
		{C627FFE3-68DB-469A-B9B3-A07F7129A8E0}.Debug|Any CPU.Build.0 = Debug|Any CPU
		{C627FFE3-68DB-469A-B9B3-A07F7129A8E0}.Release|Any CPU.ActiveCfg = Release|Any CPU
		{C627FFE3-68DB-469A-B9B3-A07F7129A8E0}.Release|Any CPU.Build.0 = Release|Any CPU
		{87FB80B2-48AD-4B81-AF4F-CFBE4802E003}.Debug|Any CPU.ActiveCfg = Debug|Any CPU
		{87FB80B2-48AD-4B81-AF4F-CFBE4802E003}.Debug|Any CPU.Build.0 = Debug|Any CPU
		{87FB80B2-48AD-4B81-AF4F-CFBE4802E003}.Release|Any CPU.ActiveCfg = Release|Any CPU
		{87FB80B2-48AD-4B81-AF4F-CFBE4802E003}.Release|Any CPU.Build.0 = Release|Any CPU
		{DB0FB6FA-9195-49BD-A1E2-C36EBE17A359}.Debug|Any CPU.ActiveCfg = Debug|Any CPU
		{DB0FB6FA-9195-49BD-A1E2-C36EBE17A359}.Debug|Any CPU.Build.0 = Debug|Any CPU
		{DB0FB6FA-9195-49BD-A1E2-C36EBE17A359}.Release|Any CPU.ActiveCfg = Release|Any CPU
		{DB0FB6FA-9195-49BD-A1E2-C36EBE17A359}.Release|Any CPU.Build.0 = Release|Any CPU
		{2BFACDC3-F44D-4199-8498-F5C3C4AC0335}.Debug|Any CPU.ActiveCfg = Debug|Any CPU
		{2BFACDC3-F44D-4199-8498-F5C3C4AC0335}.Debug|Any CPU.Build.0 = Debug|Any CPU
		{2BFACDC3-F44D-4199-8498-F5C3C4AC0335}.Release|Any CPU.ActiveCfg = Release|Any CPU
		{2BFACDC3-F44D-4199-8498-F5C3C4AC0335}.Release|Any CPU.Build.0 = Release|Any CPU
		{E461C0A8-8900-485C-B520-E929BA33F712}.Debug|Any CPU.ActiveCfg = Debug|Any CPU
		{E461C0A8-8900-485C-B520-E929BA33F712}.Debug|Any CPU.Build.0 = Debug|Any CPU
		{E461C0A8-8900-485C-B520-E929BA33F712}.Release|Any CPU.ActiveCfg = Release|Any CPU
		{E461C0A8-8900-485C-B520-E929BA33F712}.Release|Any CPU.Build.0 = Release|Any CPU
		{074507D6-0601-4336-8583-F29E52C3DE84}.Debug|Any CPU.ActiveCfg = Debug|Any CPU
		{074507D6-0601-4336-8583-F29E52C3DE84}.Debug|Any CPU.Build.0 = Debug|Any CPU
		{074507D6-0601-4336-8583-F29E52C3DE84}.Release|Any CPU.ActiveCfg = Release|Any CPU
		{074507D6-0601-4336-8583-F29E52C3DE84}.Release|Any CPU.Build.0 = Release|Any CPU
		{DED4AD5A-0666-4CBC-A562-CC971822CB01}.Debug|Any CPU.ActiveCfg = Debug|Any CPU
		{DED4AD5A-0666-4CBC-A562-CC971822CB01}.Debug|Any CPU.Build.0 = Debug|Any CPU
		{DED4AD5A-0666-4CBC-A562-CC971822CB01}.Release|Any CPU.ActiveCfg = Release|Any CPU
		{DED4AD5A-0666-4CBC-A562-CC971822CB01}.Release|Any CPU.Build.0 = Release|Any CPU
		{AF80CFD0-7126-4594-B6E4-DC524F233E36}.Debug|Any CPU.ActiveCfg = Debug|Any CPU
		{AF80CFD0-7126-4594-B6E4-DC524F233E36}.Debug|Any CPU.Build.0 = Debug|Any CPU
		{AF80CFD0-7126-4594-B6E4-DC524F233E36}.Release|Any CPU.ActiveCfg = Release|Any CPU
		{AF80CFD0-7126-4594-B6E4-DC524F233E36}.Release|Any CPU.Build.0 = Release|Any CPU
		{649C5391-69BC-4F56-9EEB-00E3BFF30D27}.Debug|Any CPU.ActiveCfg = Debug|Any CPU
		{649C5391-69BC-4F56-9EEB-00E3BFF30D27}.Debug|Any CPU.Build.0 = Debug|Any CPU
		{649C5391-69BC-4F56-9EEB-00E3BFF30D27}.Release|Any CPU.ActiveCfg = Release|Any CPU
		{649C5391-69BC-4F56-9EEB-00E3BFF30D27}.Release|Any CPU.Build.0 = Release|Any CPU
		{6AFB01A0-18CE-4DA9-8B75-4E5085A131B9}.Debug|Any CPU.ActiveCfg = Debug|Any CPU
		{6AFB01A0-18CE-4DA9-8B75-4E5085A131B9}.Debug|Any CPU.Build.0 = Debug|Any CPU
		{6AFB01A0-18CE-4DA9-8B75-4E5085A131B9}.Release|Any CPU.ActiveCfg = Release|Any CPU
		{6AFB01A0-18CE-4DA9-8B75-4E5085A131B9}.Release|Any CPU.Build.0 = Release|Any CPU
		{4B0D4C53-216D-4D54-91A4-3A808FAD7823}.Debug|Any CPU.ActiveCfg = Debug|Any CPU
		{4B0D4C53-216D-4D54-91A4-3A808FAD7823}.Debug|Any CPU.Build.0 = Debug|Any CPU
		{4B0D4C53-216D-4D54-91A4-3A808FAD7823}.Release|Any CPU.ActiveCfg = Release|Any CPU
		{4B0D4C53-216D-4D54-91A4-3A808FAD7823}.Release|Any CPU.Build.0 = Release|Any CPU
		{C7155586-5086-4275-952A-A62CB1B94626}.Debug|Any CPU.ActiveCfg = Debug|Any CPU
		{C7155586-5086-4275-952A-A62CB1B94626}.Debug|Any CPU.Build.0 = Debug|Any CPU
		{C7155586-5086-4275-952A-A62CB1B94626}.Release|Any CPU.ActiveCfg = Release|Any CPU
		{C7155586-5086-4275-952A-A62CB1B94626}.Release|Any CPU.Build.0 = Release|Any CPU
		{E45FC350-3F09-4D85-BAD1-81730303662E}.Debug|Any CPU.ActiveCfg = Debug|Any CPU
		{E45FC350-3F09-4D85-BAD1-81730303662E}.Debug|Any CPU.Build.0 = Debug|Any CPU
		{E45FC350-3F09-4D85-BAD1-81730303662E}.Release|Any CPU.ActiveCfg = Release|Any CPU
		{E45FC350-3F09-4D85-BAD1-81730303662E}.Release|Any CPU.Build.0 = Release|Any CPU
		{889DB3BC-ECDE-4DBD-A615-D19684922B17}.Debug|Any CPU.ActiveCfg = Debug|Any CPU
		{889DB3BC-ECDE-4DBD-A615-D19684922B17}.Debug|Any CPU.Build.0 = Debug|Any CPU
		{889DB3BC-ECDE-4DBD-A615-D19684922B17}.Release|Any CPU.ActiveCfg = Release|Any CPU
		{889DB3BC-ECDE-4DBD-A615-D19684922B17}.Release|Any CPU.Build.0 = Release|Any CPU
		{0B7F2381-29AD-4229-B2AA-FC47711D5201}.Debug|Any CPU.ActiveCfg = Debug|Any CPU
		{0B7F2381-29AD-4229-B2AA-FC47711D5201}.Debug|Any CPU.Build.0 = Debug|Any CPU
		{0B7F2381-29AD-4229-B2AA-FC47711D5201}.Release|Any CPU.ActiveCfg = Release|Any CPU
		{0B7F2381-29AD-4229-B2AA-FC47711D5201}.Release|Any CPU.Build.0 = Release|Any CPU
		{35FC0FFD-5B37-4CE3-95EF-BF256A019D75}.Debug|Any CPU.ActiveCfg = Debug|Any CPU
		{35FC0FFD-5B37-4CE3-95EF-BF256A019D75}.Debug|Any CPU.Build.0 = Debug|Any CPU
		{35FC0FFD-5B37-4CE3-95EF-BF256A019D75}.Release|Any CPU.ActiveCfg = Release|Any CPU
		{35FC0FFD-5B37-4CE3-95EF-BF256A019D75}.Release|Any CPU.Build.0 = Release|Any CPU
		{70A8FA74-1190-4805-BEAB-884EC156788E}.Debug|Any CPU.ActiveCfg = Debug|Any CPU
		{70A8FA74-1190-4805-BEAB-884EC156788E}.Debug|Any CPU.Build.0 = Debug|Any CPU
		{70A8FA74-1190-4805-BEAB-884EC156788E}.Release|Any CPU.ActiveCfg = Release|Any CPU
		{70A8FA74-1190-4805-BEAB-884EC156788E}.Release|Any CPU.Build.0 = Release|Any CPU
		{2F487FD2-F3A6-43EC-9366-92CC9542F566}.Debug|Any CPU.ActiveCfg = Debug|Any CPU
		{2F487FD2-F3A6-43EC-9366-92CC9542F566}.Debug|Any CPU.Build.0 = Debug|Any CPU
		{2F487FD2-F3A6-43EC-9366-92CC9542F566}.Release|Any CPU.ActiveCfg = Release|Any CPU
		{2F487FD2-F3A6-43EC-9366-92CC9542F566}.Release|Any CPU.Build.0 = Release|Any CPU
		{93CCAD5C-F0F9-4A81-967A-967993DA81C4}.Debug|Any CPU.ActiveCfg = Debug|Any CPU
		{93CCAD5C-F0F9-4A81-967A-967993DA81C4}.Debug|Any CPU.Build.0 = Debug|Any CPU
		{93CCAD5C-F0F9-4A81-967A-967993DA81C4}.Release|Any CPU.ActiveCfg = Release|Any CPU
		{93CCAD5C-F0F9-4A81-967A-967993DA81C4}.Release|Any CPU.Build.0 = Release|Any CPU
		{F45C9932-5A93-4C5D-BBF8-B79235D87701}.Debug|Any CPU.ActiveCfg = Debug|Any CPU
		{F45C9932-5A93-4C5D-BBF8-B79235D87701}.Debug|Any CPU.Build.0 = Debug|Any CPU
		{F45C9932-5A93-4C5D-BBF8-B79235D87701}.Release|Any CPU.ActiveCfg = Release|Any CPU
		{F45C9932-5A93-4C5D-BBF8-B79235D87701}.Release|Any CPU.Build.0 = Release|Any CPU
		{AC162ADB-8237-4D29-8F9C-98AFABB37E1A}.Debug|Any CPU.ActiveCfg = Debug|Any CPU
		{AC162ADB-8237-4D29-8F9C-98AFABB37E1A}.Debug|Any CPU.Build.0 = Debug|Any CPU
		{AC162ADB-8237-4D29-8F9C-98AFABB37E1A}.Release|Any CPU.ActiveCfg = Release|Any CPU
		{AC162ADB-8237-4D29-8F9C-98AFABB37E1A}.Release|Any CPU.Build.0 = Release|Any CPU
	EndGlobalSection
	GlobalSection(SolutionProperties) = preSolution
		HideSolutionNode = FALSE
	EndGlobalSection
	GlobalSection(NestedProjects) = preSolution
		{69535855-6A31-4080-AEC9-A91084951D5A} = {38C5BCD9-2D6A-4998-96C4-DC1FF435FE15}
		{11333CFE-AD6C-4FB4-AAFF-FEB94EDD6EAD} = {38C5BCD9-2D6A-4998-96C4-DC1FF435FE15}
		{2F1DF3DE-9484-4B42-ACD8-7B0A8ADB69A9} = {38C5BCD9-2D6A-4998-96C4-DC1FF435FE15}
		{10DC660A-2CB7-452C-85DE-7760BEA8A429} = {38C5BCD9-2D6A-4998-96C4-DC1FF435FE15}
		{620635C6-843D-4D85-A6B5-D18E53745E3B} = {38C5BCD9-2D6A-4998-96C4-DC1FF435FE15}
		{0EB9A38C-0F0C-4F7F-98E1-F06587B03DB9} = {21901C82-1E25-479B-BE3E-254DC1D8A68E}
		{0B69FC18-D229-4BA8-AC04-76840B407202} = {21901C82-1E25-479B-BE3E-254DC1D8A68E}
		{02137661-29BB-41F6-A343-F408234246E1} = {21901C82-1E25-479B-BE3E-254DC1D8A68E}
		{031D8551-D60B-4FE7-852F-4F39D567D5FA} = {2C4D6CBA-EECF-470E-8A5B-1AD39D02A872}
		{B5B1BB9D-85C9-4EB0-B59D-3B78E46B4BD7} = {2C4D6CBA-EECF-470E-8A5B-1AD39D02A872}
		{887CF880-2BBE-4CC1-8736-E88756F2F641} = {D0DBA7D7-DF27-41FB-BA69-C5C0D2E4B1AB}
		{AD225AAD-5139-400C-9C46-67CCB87E3473} = {887CF880-2BBE-4CC1-8736-E88756F2F641}
		{090910DB-EE64-466E-9903-206D8A85625F} = {887CF880-2BBE-4CC1-8736-E88756F2F641}
		{3EEA945C-21C5-499D-AD38-877D1C250698} = {887CF880-2BBE-4CC1-8736-E88756F2F641}
		{0B86662A-2200-40E8-A3BE-BB6D11DE613D} = {887CF880-2BBE-4CC1-8736-E88756F2F641}
		{27135195-009C-46CC-9349-3F22203ABA08} = {D0DBA7D7-DF27-41FB-BA69-C5C0D2E4B1AB}
		{6B563A04-DF3D-419F-89FF-C276C6A5C9CB} = {D0DBA7D7-DF27-41FB-BA69-C5C0D2E4B1AB}
		{A5385BD8-FF52-4A65-AD31-32556DF2A6AB} = {76C07249-DFB2-420D-AACE-4AACBEAC4D7A}
		{C627FFE3-68DB-469A-B9B3-A07F7129A8E0} = {A5385BD8-FF52-4A65-AD31-32556DF2A6AB}
		{87FB80B2-48AD-4B81-AF4F-CFBE4802E003} = {A5385BD8-FF52-4A65-AD31-32556DF2A6AB}
		{DB0FB6FA-9195-49BD-A1E2-C36EBE17A359} = {A5385BD8-FF52-4A65-AD31-32556DF2A6AB}
		{2BFACDC3-F44D-4199-8498-F5C3C4AC0335} = {76C07249-DFB2-420D-AACE-4AACBEAC4D7A}
		{E461C0A8-8900-485C-B520-E929BA33F712} = {76C07249-DFB2-420D-AACE-4AACBEAC4D7A}
		{105E63EA-1153-4D91-B82B-FBA552EE3DE1} = {D0DBA7D7-DF27-41FB-BA69-C5C0D2E4B1AB}
		{074507D6-0601-4336-8583-F29E52C3DE84} = {105E63EA-1153-4D91-B82B-FBA552EE3DE1}
		{DED4AD5A-0666-4CBC-A562-CC971822CB01} = {105E63EA-1153-4D91-B82B-FBA552EE3DE1}
		{AF80CFD0-7126-4594-B6E4-DC524F233E36} = {105E63EA-1153-4D91-B82B-FBA552EE3DE1}
		{649C5391-69BC-4F56-9EEB-00E3BFF30D27} = {C2A2F84F-EDAD-4078-ADAC-D096F5ADF42A}
		{6AFB01A0-18CE-4DA9-8B75-4E5085A131B9} = {C2A2F84F-EDAD-4078-ADAC-D096F5ADF42A}
		{4B0D4C53-216D-4D54-91A4-3A808FAD7823} = {C2A2F84F-EDAD-4078-ADAC-D096F5ADF42A}
		{C7155586-5086-4275-952A-A62CB1B94626} = {C2A2F84F-EDAD-4078-ADAC-D096F5ADF42A}
		{E45FC350-3F09-4D85-BAD1-81730303662E} = {0887F928-4E68-40D3-9CE0-D37E9A7FDA7E}
		{889DB3BC-ECDE-4DBD-A615-D19684922B17} = {2D5D0E7B-84FA-47DC-90DE-EEE0B6164D02}
		{0B7F2381-29AD-4229-B2AA-FC47711D5201} = {2B74D21A-E47E-419A-8295-CF8A6239808B}
		{35FC0FFD-5B37-4CE3-95EF-BF256A019D75} = {2B74D21A-E47E-419A-8295-CF8A6239808B}
		{70A8FA74-1190-4805-BEAB-884EC156788E} = {2B74D21A-E47E-419A-8295-CF8A6239808B}
		{2F487FD2-F3A6-43EC-9366-92CC9542F566} = {2B74D21A-E47E-419A-8295-CF8A6239808B}
		{8C3256E1-A496-4719-A36D-BFC0C2437BA3} = {2B74D21A-E47E-419A-8295-CF8A6239808B}
		{93CCAD5C-F0F9-4A81-967A-967993DA81C4} = {8C3256E1-A496-4719-A36D-BFC0C2437BA3}
		{F45C9932-5A93-4C5D-BBF8-B79235D87701} = {3F4C0CC5-CEA3-4D0A-AA6F-22F15977FFB9}
		{AC162ADB-8237-4D29-8F9C-98AFABB37E1A} = {3F4C0CC5-CEA3-4D0A-AA6F-22F15977FFB9}
	EndGlobalSection
	GlobalSection(ExtensibilityGlobals) = postSolution
		SolutionGuid = {3BC0B94E-ACC7-4211-BE02-B16227537320}
	EndGlobalSection
EndGlobal
